
Microsoft Visual Studio Solution File, Format Version 12.00
# Visual Studio Version 17
VisualStudioVersion = 17.10.35122.118
MinimumVisualStudioVersion = 10.0.40219.1
Project("{FAE04EC0-301F-11D3-BF4B-00C04F79EFBC}") = "Shalendar", "Shalendar.csproj", "{82EB46E4-EA4F-446F-A805-FF5A9133CC4E}"
EndProject
Global
	GlobalSection(SolutionConfigurationPlatforms) = preSolution
		Debug|Any CPU = Debug|Any CPU
		Release|Any CPU = Release|Any CPU
	EndGlobalSection
	GlobalSection(ProjectConfigurationPlatforms) = postSolution
		{82EB46E4-EA4F-446F-A805-FF5A9133CC4E}.Debug|Any CPU.ActiveCfg = Debug|Any CPU
		{82EB46E4-EA4F-446F-A805-FF5A9133CC4E}.Debug|Any CPU.Build.0 = Debug|Any CPU
		{82EB46E4-EA4F-446F-A805-FF5A9133CC4E}.Release|Any CPU.ActiveCfg = Release|Any CPU
		{82EB46E4-EA4F-446F-A805-FF5A9133CC4E}.Release|Any CPU.Build.0 = Release|Any CPU
	EndGlobalSection
	GlobalSection(SolutionProperties) = preSolution
		HideSolutionNode = FALSE
	EndGlobalSection
	GlobalSection(ExtensibilityGlobals) = postSolution
		SolutionGuid = {AB2B4439-44CB-4A80-9973-0DD752006EDC}
	EndGlobalSection
EndGlobal
